
Microsoft Visual Studio Solution File, Format Version 12.00
# Visual Studio Version 17
VisualStudioVersion = 17.9.34728.123
MinimumVisualStudioVersion = 10.0.40219.1
Project("{FAE04EC0-301F-11D3-BF4B-00C04F79EFBC}") = "ongoing.Android", "ongoing.Android\ongoing.Android.csproj", "{8F3E00C0-D3FC-46B3-9426-DAE0BB3FE73D}"
EndProject
Project("{FAE04EC0-301F-11D3-BF4B-00C04F79EFBC}") = "ongoing", "ongoing\ongoing.csproj", "{4384A830-4EB3-4E75-8DBD-657148EE7519}"
EndProject
Global
	GlobalSection(SolutionConfigurationPlatforms) = preSolution
		Debug|Any CPU = Debug|Any CPU
		Release|Any CPU = Release|Any CPU
	EndGlobalSection
	GlobalSection(ProjectConfigurationPlatforms) = postSolution
		{8F3E00C0-D3FC-46B3-9426-DAE0BB3FE73D}.Debug|Any CPU.ActiveCfg = Debug|Any CPU
		{8F3E00C0-D3FC-46B3-9426-DAE0BB3FE73D}.Debug|Any CPU.Build.0 = Debug|Any CPU
		{8F3E00C0-D3FC-46B3-9426-DAE0BB3FE73D}.Debug|Any CPU.Deploy.0 = Debug|Any CPU
		{8F3E00C0-D3FC-46B3-9426-DAE0BB3FE73D}.Release|Any CPU.ActiveCfg = Release|Any CPU
		{8F3E00C0-D3FC-46B3-9426-DAE0BB3FE73D}.Release|Any CPU.Build.0 = Release|Any CPU
		{8F3E00C0-D3FC-46B3-9426-DAE0BB3FE73D}.Release|Any CPU.Deploy.0 = Release|Any CPU
		{4384A830-4EB3-4E75-8DBD-657148EE7519}.Debug|Any CPU.ActiveCfg = Debug|Any CPU
		{4384A830-4EB3-4E75-8DBD-657148EE7519}.Debug|Any CPU.Build.0 = Debug|Any CPU
		{4384A830-4EB3-4E75-8DBD-657148EE7519}.Debug|Any CPU.Deploy.0 = Debug|Any CPU
		{4384A830-4EB3-4E75-8DBD-657148EE7519}.Release|Any CPU.ActiveCfg = Release|Any CPU
		{4384A830-4EB3-4E75-8DBD-657148EE7519}.Release|Any CPU.Build.0 = Release|Any CPU
		{4384A830-4EB3-4E75-8DBD-657148EE7519}.Release|Any CPU.Deploy.0 = Release|Any CPU
	EndGlobalSection
	GlobalSection(SolutionProperties) = preSolution
		HideSolutionNode = FALSE
	EndGlobalSection
	GlobalSection(ExtensibilityGlobals) = postSolution
		SolutionGuid = {5DB6A0E4-2A7D-4432-B9D1-0204F0011EA1}
	EndGlobalSection
EndGlobal
